
Microsoft Visual Studio Solution File, Format Version 12.00
Project("{FAE04EC0-301F-11D3-BF4B-00C04F79EFBC}") = "CapstoneBackend", "CapstoneBackend\CapstoneBackend.csproj", "{773F729C-0193-47D7-B02E-5C3CB23E0A8E}"
EndProject
Project("{FAE04EC0-301F-11D3-BF4B-00C04F79EFBC}") = "CapstoneTest", "CapstoneTest\CapstoneTest.csproj", "{E6080D0B-611B-4C0B-9387-7199186D437D}"
EndProject
Project("{FAE04EC0-301F-11D3-BF4B-00C04F79EFBC}") = "CapstoneDesktop", "CapstoneDesktop\CapstoneDesktop.csproj", "{8F09FAC3-4048-4406-8ADF-3AC73C0C67DF}"
EndProject
Project("{FAE04EC0-301F-11D3-BF4B-00C04F79EFBC}") = "CapstoneWeb", "CapstoneWeb\CapstoneWeb.csproj", "{A7795538-D587-486C-A4E0-B91ED4CD1D40}"
EndProject
Global
	GlobalSection(SolutionConfigurationPlatforms) = preSolution
		Debug|Any CPU = Debug|Any CPU
		Release|Any CPU = Release|Any CPU
	EndGlobalSection
	GlobalSection(ProjectConfigurationPlatforms) = postSolution
		{773F729C-0193-47D7-B02E-5C3CB23E0A8E}.Debug|Any CPU.ActiveCfg = Debug|Any CPU
		{773F729C-0193-47D7-B02E-5C3CB23E0A8E}.Debug|Any CPU.Build.0 = Debug|Any CPU
		{773F729C-0193-47D7-B02E-5C3CB23E0A8E}.Release|Any CPU.ActiveCfg = Release|Any CPU
		{773F729C-0193-47D7-B02E-5C3CB23E0A8E}.Release|Any CPU.Build.0 = Release|Any CPU
		{E6080D0B-611B-4C0B-9387-7199186D437D}.Debug|Any CPU.ActiveCfg = Debug|Any CPU
		{E6080D0B-611B-4C0B-9387-7199186D437D}.Debug|Any CPU.Build.0 = Debug|Any CPU
		{E6080D0B-611B-4C0B-9387-7199186D437D}.Release|Any CPU.ActiveCfg = Release|Any CPU
		{E6080D0B-611B-4C0B-9387-7199186D437D}.Release|Any CPU.Build.0 = Release|Any CPU
		{8F09FAC3-4048-4406-8ADF-3AC73C0C67DF}.Debug|Any CPU.ActiveCfg = Debug|Any CPU
		{8F09FAC3-4048-4406-8ADF-3AC73C0C67DF}.Debug|Any CPU.Build.0 = Debug|Any CPU
		{8F09FAC3-4048-4406-8ADF-3AC73C0C67DF}.Release|Any CPU.ActiveCfg = Release|Any CPU
		{8F09FAC3-4048-4406-8ADF-3AC73C0C67DF}.Release|Any CPU.Build.0 = Release|Any CPU
		{A7795538-D587-486C-A4E0-B91ED4CD1D40}.Debug|Any CPU.ActiveCfg = Debug|Any CPU
		{A7795538-D587-486C-A4E0-B91ED4CD1D40}.Debug|Any CPU.Build.0 = Debug|Any CPU
		{A7795538-D587-486C-A4E0-B91ED4CD1D40}.Release|Any CPU.ActiveCfg = Release|Any CPU
		{A7795538-D587-486C-A4E0-B91ED4CD1D40}.Release|Any CPU.Build.0 = Release|Any CPU
	EndGlobalSection
EndGlobal
